
Microsoft Visual Studio Solution File, Format Version 12.00
# Visual Studio 15
VisualStudioVersion = 15.0.28010.2026
MinimumVisualStudioVersion = 10.0.40219.1
Project("{FAE04EC0-301F-11D3-BF4B-00C04F79EFBC}") = "Item2", "Item2\Item2.csproj", "{5C97EEA9-A33F-49DD-89E2-767FBDD68B82}"
EndProject
Global
	GlobalSection(SolutionConfigurationPlatforms) = preSolution
		Debug|Any CPU = Debug|Any CPU
		Release|Any CPU = Release|Any CPU
	EndGlobalSection
	GlobalSection(ProjectConfigurationPlatforms) = postSolution
		{5C97EEA9-A33F-49DD-89E2-767FBDD68B82}.Debug|Any CPU.ActiveCfg = Debug|Any CPU
		{5C97EEA9-A33F-49DD-89E2-767FBDD68B82}.Debug|Any CPU.Build.0 = Debug|Any CPU
		{5C97EEA9-A33F-49DD-89E2-767FBDD68B82}.Release|Any CPU.ActiveCfg = Release|Any CPU
		{5C97EEA9-A33F-49DD-89E2-767FBDD68B82}.Release|Any CPU.Build.0 = Release|Any CPU
	EndGlobalSection
	GlobalSection(SolutionProperties) = preSolution
		HideSolutionNode = FALSE
	EndGlobalSection
	GlobalSection(ExtensibilityGlobals) = postSolution
		SolutionGuid = {817D77D1-82D5-4707-A2BF-8CA604312C40}
	EndGlobalSection
EndGlobal
